
Microsoft Visual Studio Solution File, Format Version 12.00
# Visual Studio Version 16
VisualStudioVersion = 16.0.30011.22
MinimumVisualStudioVersion = 10.0.40219.1
Project("{FAE04EC0-301F-11D3-BF4B-00C04F79EFBC}") = "EncapsulationPolymorphism", "EncapsulationPolymorphism\EncapsulationPolymorphism.csproj", "{23F5BA1D-7215-4ADF-B732-39C7D5AE313A}"
EndProject
Global
	GlobalSection(SolutionConfigurationPlatforms) = preSolution
		Debug|Any CPU = Debug|Any CPU
		Release|Any CPU = Release|Any CPU
	EndGlobalSection
	GlobalSection(ProjectConfigurationPlatforms) = postSolution
		{23F5BA1D-7215-4ADF-B732-39C7D5AE313A}.Debug|Any CPU.ActiveCfg = Debug|Any CPU
		{23F5BA1D-7215-4ADF-B732-39C7D5AE313A}.Debug|Any CPU.Build.0 = Debug|Any CPU
		{23F5BA1D-7215-4ADF-B732-39C7D5AE313A}.Release|Any CPU.ActiveCfg = Release|Any CPU
		{23F5BA1D-7215-4ADF-B732-39C7D5AE313A}.Release|Any CPU.Build.0 = Release|Any CPU
	EndGlobalSection
	GlobalSection(SolutionProperties) = preSolution
		HideSolutionNode = FALSE
	EndGlobalSection
	GlobalSection(ExtensibilityGlobals) = postSolution
		SolutionGuid = {A2E75035-689C-4794-9B7D-DF5DD08709C8}
	EndGlobalSection
EndGlobal
